
Microsoft Visual Studio Solution File, Format Version 12.00
# Visual Studio Version 16
VisualStudioVersion = 16.0.29613.14
MinimumVisualStudioVersion = 10.0.40219.1
Project("{FAE04EC0-301F-11D3-BF4B-00C04F79EFBC}") = "Scraping", "Scraping\Scraping.csproj", "{F178FB43-4C3B-411C-A7B1-E61EC7E07C4E}"
EndProject
Global
	GlobalSection(SolutionConfigurationPlatforms) = preSolution
		Debug|Any CPU = Debug|Any CPU
		Release|Any CPU = Release|Any CPU
	EndGlobalSection
	GlobalSection(ProjectConfigurationPlatforms) = postSolution
		{F178FB43-4C3B-411C-A7B1-E61EC7E07C4E}.Debug|Any CPU.ActiveCfg = Debug|Any CPU
		{F178FB43-4C3B-411C-A7B1-E61EC7E07C4E}.Debug|Any CPU.Build.0 = Debug|Any CPU
		{F178FB43-4C3B-411C-A7B1-E61EC7E07C4E}.Release|Any CPU.ActiveCfg = Release|Any CPU
		{F178FB43-4C3B-411C-A7B1-E61EC7E07C4E}.Release|Any CPU.Build.0 = Release|Any CPU
	EndGlobalSection
	GlobalSection(SolutionProperties) = preSolution
		HideSolutionNode = FALSE
	EndGlobalSection
	GlobalSection(ExtensibilityGlobals) = postSolution
		SolutionGuid = {C3A84658-7A7B-4536-A9A7-0CA828E0F663}
	EndGlobalSection
EndGlobal
